
Microsoft Visual Studio Solution File, Format Version 12.00
# Visual Studio 15
VisualStudioVersion = 15.0.28307.271
MinimumVisualStudioVersion = 10.0.40219.1
Project("{9A19103F-16F7-4668-BE54-9A1E7A4F7556}") = "Tap.Data", "Tap.Data\Tap.Data.csproj", "{18CAC043-9835-4EC4-876E-812690B108B2}"
EndProject
Project("{9A19103F-16F7-4668-BE54-9A1E7A4F7556}") = "Tap.Web", "Tap.Web\Tap.Web.csproj", "{C18B87A5-3359-4094-B900-D4AA6EF0E0E4}"
EndProject
Global
	GlobalSection(SolutionConfigurationPlatforms) = preSolution
		Debug|Any CPU = Debug|Any CPU
		Release|Any CPU = Release|Any CPU
	EndGlobalSection
	GlobalSection(ProjectConfigurationPlatforms) = postSolution
		{18CAC043-9835-4EC4-876E-812690B108B2}.Debug|Any CPU.ActiveCfg = Debug|Any CPU
		{18CAC043-9835-4EC4-876E-812690B108B2}.Debug|Any CPU.Build.0 = Debug|Any CPU
		{18CAC043-9835-4EC4-876E-812690B108B2}.Release|Any CPU.ActiveCfg = Release|Any CPU
		{18CAC043-9835-4EC4-876E-812690B108B2}.Release|Any CPU.Build.0 = Release|Any CPU
		{C18B87A5-3359-4094-B900-D4AA6EF0E0E4}.Debug|Any CPU.ActiveCfg = Debug|Any CPU
		{C18B87A5-3359-4094-B900-D4AA6EF0E0E4}.Debug|Any CPU.Build.0 = Debug|Any CPU
		{C18B87A5-3359-4094-B900-D4AA6EF0E0E4}.Release|Any CPU.ActiveCfg = Release|Any CPU
		{C18B87A5-3359-4094-B900-D4AA6EF0E0E4}.Release|Any CPU.Build.0 = Release|Any CPU
	EndGlobalSection
	GlobalSection(SolutionProperties) = preSolution
		HideSolutionNode = FALSE
	EndGlobalSection
	GlobalSection(ExtensibilityGlobals) = postSolution
		SolutionGuid = {BDB2814D-5256-480A-AA12-410849EB43B7}
	EndGlobalSection
EndGlobal
